
Microsoft Visual Studio Solution File, Format Version 12.00
# Visual Studio Version 16
VisualStudioVersion = 16.0.29721.120
MinimumVisualStudioVersion = 10.0.40219.1
Project("{9A19103F-16F7-4668-BE54-9A1E7A4F7556}") = "Legalize.Common", "Legalize.Common\Legalize.Common.csproj", "{4D99935E-CF82-4A30-8CC1-D07237888761}"
EndProject
Project("{9A19103F-16F7-4668-BE54-9A1E7A4F7556}") = "Legalize.Web", "Legalize.Web\Legalize.Web.csproj", "{A63D049F-1918-41F4-B26B-0C2C391D86E9}"
EndProject
Project("{FAE04EC0-301F-11D3-BF4B-00C04F79EFBC}") = "Legalize.Prism", "Legalize.Prism\Legalize.Prism\Legalize.Prism.csproj", "{7AA0ED0B-F356-4D2A-9EC6-7A461048E5B9}"
EndProject
Project("{FAE04EC0-301F-11D3-BF4B-00C04F79EFBC}") = "Legalize.Prism.Android", "Legalize.Prism\Legalize.Prism.Android\Legalize.Prism.Android.csproj", "{0B8FFE3E-E4F7-4538-ADC1-18AAF9B040B5}"
EndProject
Project("{FAE04EC0-301F-11D3-BF4B-00C04F79EFBC}") = "Legalize.Prism.iOS", "Legalize.Prism\Legalize.Prism.iOS\Legalize.Prism.iOS.csproj", "{5A054962-6E2D-440F-B564-C0F0125BE669}"
EndProject
Global
	GlobalSection(SolutionConfigurationPlatforms) = preSolution
		Ad-Hoc|Any CPU = Ad-Hoc|Any CPU
		Ad-Hoc|iPhone = Ad-Hoc|iPhone
		Ad-Hoc|iPhoneSimulator = Ad-Hoc|iPhoneSimulator
		AppStore|Any CPU = AppStore|Any CPU
		AppStore|iPhone = AppStore|iPhone
		AppStore|iPhoneSimulator = AppStore|iPhoneSimulator
		Debug|Any CPU = Debug|Any CPU
		Debug|iPhone = Debug|iPhone
		Debug|iPhoneSimulator = Debug|iPhoneSimulator
		Release|Any CPU = Release|Any CPU
		Release|iPhone = Release|iPhone
		Release|iPhoneSimulator = Release|iPhoneSimulator
	EndGlobalSection
	GlobalSection(ProjectConfigurationPlatforms) = postSolution
		{4D99935E-CF82-4A30-8CC1-D07237888761}.Ad-Hoc|Any CPU.ActiveCfg = Release|Any CPU
		{4D99935E-CF82-4A30-8CC1-D07237888761}.Ad-Hoc|Any CPU.Build.0 = Release|Any CPU
		{4D99935E-CF82-4A30-8CC1-D07237888761}.Ad-Hoc|iPhone.ActiveCfg = Release|Any CPU
		{4D99935E-CF82-4A30-8CC1-D07237888761}.Ad-Hoc|iPhone.Build.0 = Release|Any CPU
		{4D99935E-CF82-4A30-8CC1-D07237888761}.Ad-Hoc|iPhoneSimulator.ActiveCfg = Release|Any CPU
		{4D99935E-CF82-4A30-8CC1-D07237888761}.Ad-Hoc|iPhoneSimulator.Build.0 = Release|Any CPU
		{4D99935E-CF82-4A30-8CC1-D07237888761}.AppStore|Any CPU.ActiveCfg = Release|Any CPU
		{4D99935E-CF82-4A30-8CC1-D07237888761}.AppStore|Any CPU.Build.0 = Release|Any CPU
		{4D99935E-CF82-4A30-8CC1-D07237888761}.AppStore|iPhone.ActiveCfg = Release|Any CPU
		{4D99935E-CF82-4A30-8CC1-D07237888761}.AppStore|iPhone.Build.0 = Release|Any CPU
		{4D99935E-CF82-4A30-8CC1-D07237888761}.AppStore|iPhoneSimulator.ActiveCfg = Release|Any CPU
		{4D99935E-CF82-4A30-8CC1-D07237888761}.AppStore|iPhoneSimulator.Build.0 = Release|Any CPU
		{4D99935E-CF82-4A30-8CC1-D07237888761}.Debug|Any CPU.ActiveCfg = Debug|Any CPU
		{4D99935E-CF82-4A30-8CC1-D07237888761}.Debug|Any CPU.Build.0 = Debug|Any CPU
		{4D99935E-CF82-4A30-8CC1-D07237888761}.Debug|iPhone.ActiveCfg = Debug|Any CPU
		{4D99935E-CF82-4A30-8CC1-D07237888761}.Debug|iPhone.Build.0 = Debug|Any CPU
		{4D99935E-CF82-4A30-8CC1-D07237888761}.Debug|iPhoneSimulator.ActiveCfg = Debug|Any CPU
		{4D99935E-CF82-4A30-8CC1-D07237888761}.Debug|iPhoneSimulator.Build.0 = Debug|Any CPU
		{4D99935E-CF82-4A30-8CC1-D07237888761}.Release|Any CPU.ActiveCfg = Release|Any CPU
		{4D99935E-CF82-4A30-8CC1-D07237888761}.Release|Any CPU.Build.0 = Release|Any CPU
		{4D99935E-CF82-4A30-8CC1-D07237888761}.Release|iPhone.ActiveCfg = Release|Any CPU
		{4D99935E-CF82-4A30-8CC1-D07237888761}.Release|iPhone.Build.0 = Release|Any CPU
		{4D99935E-CF82-4A30-8CC1-D07237888761}.Release|iPhoneSimulator.ActiveCfg = Release|Any CPU
		{4D99935E-CF82-4A30-8CC1-D07237888761}.Release|iPhoneSimulator.Build.0 = Release|Any CPU
		{A63D049F-1918-41F4-B26B-0C2C391D86E9}.Ad-Hoc|Any CPU.ActiveCfg = Release|Any CPU
		{A63D049F-1918-41F4-B26B-0C2C391D86E9}.Ad-Hoc|Any CPU.Build.0 = Release|Any CPU
		{A63D049F-1918-41F4-B26B-0C2C391D86E9}.Ad-Hoc|iPhone.ActiveCfg = Release|Any CPU
		{A63D049F-1918-41F4-B26B-0C2C391D86E9}.Ad-Hoc|iPhone.Build.0 = Release|Any CPU
		{A63D049F-1918-41F4-B26B-0C2C391D86E9}.Ad-Hoc|iPhoneSimulator.ActiveCfg = Release|Any CPU
		{A63D049F-1918-41F4-B26B-0C2C391D86E9}.Ad-Hoc|iPhoneSimulator.Build.0 = Release|Any CPU
		{A63D049F-1918-41F4-B26B-0C2C391D86E9}.AppStore|Any CPU.ActiveCfg = Release|Any CPU
		{A63D049F-1918-41F4-B26B-0C2C391D86E9}.AppStore|Any CPU.Build.0 = Release|Any CPU
		{A63D049F-1918-41F4-B26B-0C2C391D86E9}.AppStore|iPhone.ActiveCfg = Release|Any CPU
		{A63D049F-1918-41F4-B26B-0C2C391D86E9}.AppStore|iPhone.Build.0 = Release|Any CPU
		{A63D049F-1918-41F4-B26B-0C2C391D86E9}.AppStore|iPhoneSimulator.ActiveCfg = Release|Any CPU
		{A63D049F-1918-41F4-B26B-0C2C391D86E9}.AppStore|iPhoneSimulator.Build.0 = Release|Any CPU
		{A63D049F-1918-41F4-B26B-0C2C391D86E9}.Debug|Any CPU.ActiveCfg = Debug|Any CPU
		{A63D049F-1918-41F4-B26B-0C2C391D86E9}.Debug|Any CPU.Build.0 = Debug|Any CPU
		{A63D049F-1918-41F4-B26B-0C2C391D86E9}.Debug|iPhone.ActiveCfg = Debug|Any CPU
		{A63D049F-1918-41F4-B26B-0C2C391D86E9}.Debug|iPhone.Build.0 = Debug|Any CPU
		{A63D049F-1918-41F4-B26B-0C2C391D86E9}.Debug|iPhoneSimulator.ActiveCfg = Debug|Any CPU
		{A63D049F-1918-41F4-B26B-0C2C391D86E9}.Debug|iPhoneSimulator.Build.0 = Debug|Any CPU
		{A63D049F-1918-41F4-B26B-0C2C391D86E9}.Release|Any CPU.ActiveCfg = Release|Any CPU
		{A63D049F-1918-41F4-B26B-0C2C391D86E9}.Release|Any CPU.Build.0 = Release|Any CPU
		{A63D049F-1918-41F4-B26B-0C2C391D86E9}.Release|iPhone.ActiveCfg = Release|Any CPU
		{A63D049F-1918-41F4-B26B-0C2C391D86E9}.Release|iPhone.Build.0 = Release|Any CPU
		{A63D049F-1918-41F4-B26B-0C2C391D86E9}.Release|iPhoneSimulator.ActiveCfg = Release|Any CPU
		{A63D049F-1918-41F4-B26B-0C2C391D86E9}.Release|iPhoneSimulator.Build.0 = Release|Any CPU
		{7AA0ED0B-F356-4D2A-9EC6-7A461048E5B9}.Ad-Hoc|Any CPU.ActiveCfg = Debug|Any CPU
		{7AA0ED0B-F356-4D2A-9EC6-7A461048E5B9}.Ad-Hoc|Any CPU.Build.0 = Debug|Any CPU
		{7AA0ED0B-F356-4D2A-9EC6-7A461048E5B9}.Ad-Hoc|iPhone.ActiveCfg = Debug|Any CPU
		{7AA0ED0B-F356-4D2A-9EC6-7A461048E5B9}.Ad-Hoc|iPhone.Build.0 = Debug|Any CPU
		{7AA0ED0B-F356-4D2A-9EC6-7A461048E5B9}.Ad-Hoc|iPhoneSimulator.ActiveCfg = Debug|Any CPU
		{7AA0ED0B-F356-4D2A-9EC6-7A461048E5B9}.Ad-Hoc|iPhoneSimulator.Build.0 = Debug|Any CPU
		{7AA0ED0B-F356-4D2A-9EC6-7A461048E5B9}.AppStore|Any CPU.ActiveCfg = Debug|Any CPU
		{7AA0ED0B-F356-4D2A-9EC6-7A461048E5B9}.AppStore|Any CPU.Build.0 = Debug|Any CPU
		{7AA0ED0B-F356-4D2A-9EC6-7A461048E5B9}.AppStore|iPhone.ActiveCfg = Debug|Any CPU
		{7AA0ED0B-F356-4D2A-9EC6-7A461048E5B9}.AppStore|iPhone.Build.0 = Debug|Any CPU
		{7AA0ED0B-F356-4D2A-9EC6-7A461048E5B9}.AppStore|iPhoneSimulator.ActiveCfg = Debug|Any CPU
		{7AA0ED0B-F356-4D2A-9EC6-7A461048E5B9}.AppStore|iPhoneSimulator.Build.0 = Debug|Any CPU
		{7AA0ED0B-F356-4D2A-9EC6-7A461048E5B9}.Debug|Any CPU.ActiveCfg = Debug|Any CPU
		{7AA0ED0B-F356-4D2A-9EC6-7A461048E5B9}.Debug|Any CPU.Build.0 = Debug|Any CPU
		{7AA0ED0B-F356-4D2A-9EC6-7A461048E5B9}.Debug|iPhone.ActiveCfg = Debug|Any CPU
		{7AA0ED0B-F356-4D2A-9EC6-7A461048E5B9}.Debug|iPhone.Build.0 = Debug|Any CPU
		{7AA0ED0B-F356-4D2A-9EC6-7A461048E5B9}.Debug|iPhoneSimulator.ActiveCfg = Debug|Any CPU
		{7AA0ED0B-F356-4D2A-9EC6-7A461048E5B9}.Debug|iPhoneSimulator.Build.0 = Debug|Any CPU
		{7AA0ED0B-F356-4D2A-9EC6-7A461048E5B9}.Release|Any CPU.ActiveCfg = Release|Any CPU
		{7AA0ED0B-F356-4D2A-9EC6-7A461048E5B9}.Release|Any CPU.Build.0 = Release|Any CPU
		{7AA0ED0B-F356-4D2A-9EC6-7A461048E5B9}.Release|iPhone.ActiveCfg = Release|Any CPU
		{7AA0ED0B-F356-4D2A-9EC6-7A461048E5B9}.Release|iPhone.Build.0 = Release|Any CPU
		{7AA0ED0B-F356-4D2A-9EC6-7A461048E5B9}.Release|iPhoneSimulator.ActiveCfg = Release|Any CPU
		{7AA0ED0B-F356-4D2A-9EC6-7A461048E5B9}.Release|iPhoneSimulator.Build.0 = Release|Any CPU
		{0B8FFE3E-E4F7-4538-ADC1-18AAF9B040B5}.Ad-Hoc|Any CPU.ActiveCfg = Release|Any CPU
		{0B8FFE3E-E4F7-4538-ADC1-18AAF9B040B5}.Ad-Hoc|Any CPU.Build.0 = Release|Any CPU
		{0B8FFE3E-E4F7-4538-ADC1-18AAF9B040B5}.Ad-Hoc|Any CPU.Deploy.0 = Release|Any CPU
		{0B8FFE3E-E4F7-4538-ADC1-18AAF9B040B5}.Ad-Hoc|iPhone.ActiveCfg = Release|Any CPU
		{0B8FFE3E-E4F7-4538-ADC1-18AAF9B040B5}.Ad-Hoc|iPhone.Build.0 = Release|Any CPU
		{0B8FFE3E-E4F7-4538-ADC1-18AAF9B040B5}.Ad-Hoc|iPhone.Deploy.0 = Release|Any CPU
		{0B8FFE3E-E4F7-4538-ADC1-18AAF9B040B5}.Ad-Hoc|iPhoneSimulator.ActiveCfg = Release|Any CPU
		{0B8FFE3E-E4F7-4538-ADC1-18AAF9B040B5}.Ad-Hoc|iPhoneSimulator.Build.0 = Release|Any CPU
		{0B8FFE3E-E4F7-4538-ADC1-18AAF9B040B5}.Ad-Hoc|iPhoneSimulator.Deploy.0 = Release|Any CPU
		{0B8FFE3E-E4F7-4538-ADC1-18AAF9B040B5}.AppStore|Any CPU.ActiveCfg = Release|Any CPU
		{0B8FFE3E-E4F7-4538-ADC1-18AAF9B040B5}.AppStore|Any CPU.Build.0 = Release|Any CPU
		{0B8FFE3E-E4F7-4538-ADC1-18AAF9B040B5}.AppStore|Any CPU.Deploy.0 = Release|Any CPU
		{0B8FFE3E-E4F7-4538-ADC1-18AAF9B040B5}.AppStore|iPhone.ActiveCfg = Release|Any CPU
		{0B8FFE3E-E4F7-4538-ADC1-18AAF9B040B5}.AppStore|iPhone.Build.0 = Release|Any CPU
		{0B8FFE3E-E4F7-4538-ADC1-18AAF9B040B5}.AppStore|iPhone.Deploy.0 = Release|Any CPU
		{0B8FFE3E-E4F7-4538-ADC1-18AAF9B040B5}.AppStore|iPhoneSimulator.ActiveCfg = Release|Any CPU
		{0B8FFE3E-E4F7-4538-ADC1-18AAF9B040B5}.AppStore|iPhoneSimulator.Build.0 = Release|Any CPU
		{0B8FFE3E-E4F7-4538-ADC1-18AAF9B040B5}.AppStore|iPhoneSimulator.Deploy.0 = Release|Any CPU
		{0B8FFE3E-E4F7-4538-ADC1-18AAF9B040B5}.Debug|Any CPU.ActiveCfg = Debug|Any CPU
		{0B8FFE3E-E4F7-4538-ADC1-18AAF9B040B5}.Debug|Any CPU.Build.0 = Debug|Any CPU
		{0B8FFE3E-E4F7-4538-ADC1-18AAF9B040B5}.Debug|Any CPU.Deploy.0 = Debug|Any CPU
		{0B8FFE3E-E4F7-4538-ADC1-18AAF9B040B5}.Debug|iPhone.ActiveCfg = Debug|Any CPU
		{0B8FFE3E-E4F7-4538-ADC1-18AAF9B040B5}.Debug|iPhone.Build.0 = Debug|Any CPU
		{0B8FFE3E-E4F7-4538-ADC1-18AAF9B040B5}.Debug|iPhone.Deploy.0 = Debug|Any CPU
		{0B8FFE3E-E4F7-4538-ADC1-18AAF9B040B5}.Debug|iPhoneSimulator.ActiveCfg = Debug|Any CPU
		{0B8FFE3E-E4F7-4538-ADC1-18AAF9B040B5}.Debug|iPhoneSimulator.Build.0 = Debug|Any CPU
		{0B8FFE3E-E4F7-4538-ADC1-18AAF9B040B5}.Debug|iPhoneSimulator.Deploy.0 = Debug|Any CPU
		{0B8FFE3E-E4F7-4538-ADC1-18AAF9B040B5}.Release|Any CPU.ActiveCfg = Release|Any CPU
		{0B8FFE3E-E4F7-4538-ADC1-18AAF9B040B5}.Release|Any CPU.Build.0 = Release|Any CPU
		{0B8FFE3E-E4F7-4538-ADC1-18AAF9B040B5}.Release|Any CPU.Deploy.0 = Release|Any CPU
		{0B8FFE3E-E4F7-4538-ADC1-18AAF9B040B5}.Release|iPhone.ActiveCfg = Release|Any CPU
		{0B8FFE3E-E4F7-4538-ADC1-18AAF9B040B5}.Release|iPhone.Build.0 = Release|Any CPU
		{0B8FFE3E-E4F7-4538-ADC1-18AAF9B040B5}.Release|iPhone.Deploy.0 = Release|Any CPU
		{0B8FFE3E-E4F7-4538-ADC1-18AAF9B040B5}.Release|iPhoneSimulator.ActiveCfg = Release|Any CPU
		{0B8FFE3E-E4F7-4538-ADC1-18AAF9B040B5}.Release|iPhoneSimulator.Build.0 = Release|Any CPU
		{0B8FFE3E-E4F7-4538-ADC1-18AAF9B040B5}.Release|iPhoneSimulator.Deploy.0 = Release|Any CPU
		{5A054962-6E2D-440F-B564-C0F0125BE669}.Ad-Hoc|Any CPU.ActiveCfg = Ad-Hoc|iPhone
		{5A054962-6E2D-440F-B564-C0F0125BE669}.Ad-Hoc|iPhone.ActiveCfg = Ad-Hoc|iPhone
		{5A054962-6E2D-440F-B564-C0F0125BE669}.Ad-Hoc|iPhone.Build.0 = Ad-Hoc|iPhone
		{5A054962-6E2D-440F-B564-C0F0125BE669}.Ad-Hoc|iPhoneSimulator.ActiveCfg = Ad-Hoc|iPhoneSimulator
		{5A054962-6E2D-440F-B564-C0F0125BE669}.Ad-Hoc|iPhoneSimulator.Build.0 = Ad-Hoc|iPhoneSimulator
		{5A054962-6E2D-440F-B564-C0F0125BE669}.AppStore|Any CPU.ActiveCfg = AppStore|iPhone
		{5A054962-6E2D-440F-B564-C0F0125BE669}.AppStore|iPhone.ActiveCfg = AppStore|iPhone
		{5A054962-6E2D-440F-B564-C0F0125BE669}.AppStore|iPhone.Build.0 = AppStore|iPhone
		{5A054962-6E2D-440F-B564-C0F0125BE669}.AppStore|iPhoneSimulator.ActiveCfg = AppStore|iPhoneSimulator
		{5A054962-6E2D-440F-B564-C0F0125BE669}.AppStore|iPhoneSimulator.Build.0 = AppStore|iPhoneSimulator
		{5A054962-6E2D-440F-B564-C0F0125BE669}.Debug|Any CPU.ActiveCfg = Debug|iPhone
		{5A054962-6E2D-440F-B564-C0F0125BE669}.Debug|iPhone.ActiveCfg = Debug|iPhone
		{5A054962-6E2D-440F-B564-C0F0125BE669}.Debug|iPhone.Build.0 = Debug|iPhone
		{5A054962-6E2D-440F-B564-C0F0125BE669}.Debug|iPhoneSimulator.ActiveCfg = Debug|iPhoneSimulator
		{5A054962-6E2D-440F-B564-C0F0125BE669}.Debug|iPhoneSimulator.Build.0 = Debug|iPhoneSimulator
		{5A054962-6E2D-440F-B564-C0F0125BE669}.Release|Any CPU.ActiveCfg = Release|iPhone
		{5A054962-6E2D-440F-B564-C0F0125BE669}.Release|iPhone.ActiveCfg = Release|iPhone
		{5A054962-6E2D-440F-B564-C0F0125BE669}.Release|iPhone.Build.0 = Release|iPhone
		{5A054962-6E2D-440F-B564-C0F0125BE669}.Release|iPhoneSimulator.ActiveCfg = Release|iPhoneSimulator
		{5A054962-6E2D-440F-B564-C0F0125BE669}.Release|iPhoneSimulator.Build.0 = Release|iPhoneSimulator
	EndGlobalSection
	GlobalSection(SolutionProperties) = preSolution
		HideSolutionNode = FALSE
	EndGlobalSection
	GlobalSection(ExtensibilityGlobals) = postSolution
		SolutionGuid = {228B620B-422D-4641-BF63-BBAD3F5E136D}
	EndGlobalSection
EndGlobal
